// !$*UTF8*$!
{
	archiveVersion = 1;
	classes = {
	};
	objectVersion = 48;
	objects = {

/* Begin PBXBuildFile section */
		8C5D56EA1FA34A620030B285 /* List.swift in Sources */ = {isa = PBXBuildFile; fileRef = 8C5D56E91FA34A620030B285 /* List.swift */; };
		8CCA9D0E1FA3254B006A840A /* Realm.framework in Frameworks */ = {isa = PBXBuildFile; fileRef = 8CCA9D0C1FA3254B006A840A /* Realm.framework */; };
		8CCA9D0F1FA3254B006A840A /* RealmSwift.framework in Frameworks */ = {isa = PBXBuildFile; fileRef = 8CCA9D0D1FA3254B006A840A /* RealmSwift.framework */; };
		8CE342781FA31FAE00AB12B8 /* AppDelegate.swift in Sources */ = {isa = PBXBuildFile; fileRef = 8CE342771FA31FAE00AB12B8 /* AppDelegate.swift */; };
		8CE3427A1FA31FAE00AB12B8 /* ViewController.swift in Sources */ = {isa = PBXBuildFile; fileRef = 8CE342791FA31FAE00AB12B8 /* ViewController.swift */; };
		8CE3427D1FA31FAE00AB12B8 /* Main.storyboard in Resources */ = {isa = PBXBuildFile; fileRef = 8CE3427B1FA31FAE00AB12B8 /* Main.storyboard */; };
		8CE3427F1FA31FAE00AB12B8 /* Assets.xcassets in Resources */ = {isa = PBXBuildFile; fileRef = 8CE3427E1FA31FAE00AB12B8 /* Assets.xcassets */; };
		8CE342821FA31FAE00AB12B8 /* LaunchScreen.storyboard in Resources */ = {isa = PBXBuildFile; fileRef = 8CE342801FA31FAE00AB12B8 /* LaunchScreen.storyboard */; };
/* End PBXBuildFile section */

/* Begin PBXFileReference section */
		8C5D56E91FA34A620030B285 /* List.swift */ = {isa = PBXFileReference; lastKnownFileType = sourcecode.swift; path = List.swift; sourceTree = "<group>"; };
		8CCA9D0C1FA3254B006A840A /* Realm.framework */ = {isa = PBXFileReference; lastKnownFileType = wrapper.framework; name = Realm.framework; path = Carthage/Build/iOS/Realm.framework; sourceTree = "<group>"; };
		8CCA9D0D1FA3254B006A840A /* RealmSwift.framework */ = {isa = PBXFileReference; lastKnownFileType = wrapper.framework; name = RealmSwift.framework; path = Carthage/Build/iOS/RealmSwift.framework; sourceTree = "<group>"; };
		8CE342741FA31FAE00AB12B8 /* realmTest.app */ = {isa = PBXFileReference; explicitFileType = wrapper.application; includeInIndex = 0; path = realmTest.app; sourceTree = BUILT_PRODUCTS_DIR; };
		8CE342771FA31FAE00AB12B8 /* AppDelegate.swift */ = {isa = PBXFileReference; lastKnownFileType = sourcecode.swift; path = AppDelegate.swift; sourceTree = "<group>"; };
		8CE342791FA31FAE00AB12B8 /* ViewController.swift */ = {isa = PBXFileReference; lastKnownFileType = sourcecode.swift; path = ViewController.swift; sourceTree = "<group>"; };
		8CE3427C1FA31FAE00AB12B8 /* Base */ = {isa = PBXFileReference; lastKnownFileType = file.storyboard; name = Base; path = Base.lproj/Main.storyboard; sourceTree = "<group>"; };
		8CE3427E1FA31FAE00AB12B8 /* Assets.xcassets */ = {isa = PBXFileReference; lastKnownFileType = folder.assetcatalog; path = Assets.xcassets; sourceTree = "<group>"; };
		8CE342811FA31FAE00AB12B8 /* Base */ = {isa = PBXFileReference; lastKnownFileType = file.storyboard; name = Base; path = Base.lproj/LaunchScreen.storyboard; sourceTree = "<group>"; };
		8CE342831FA31FAE00AB12B8 /* Info.plist */ = {isa = PBXFileReference; lastKnownFileType = text.plist.xml; path = Info.plist; sourceTree = "<group>"; };
/* End PBXFileReference section */

/* Begin PBXFrameworksBuildPhase section */
		8CE342711FA31FAE00AB12B8 /* Frameworks */ = {
			isa = PBXFrameworksBuildPhase;
			buildActionMask = 2147483647;
			files = (
				8CCA9D0E1FA3254B006A840A /* Realm.framework in Frameworks */,
				8CCA9D0F1FA3254B006A840A /* RealmSwift.framework in Frameworks */,
			);
			runOnlyForDeploymentPostprocessing = 0;
		};
/* End PBXFrameworksBuildPhase section */

/* Begin PBXGroup section */
		8CCA9D0B1FA3254B006A840A /* Frameworks */ = {
			isa = PBXGroup;
			children = (
				8CCA9D0C1FA3254B006A840A /* Realm.framework */,
				8CCA9D0D1FA3254B006A840A /* RealmSwift.framework */,
			);
			name = Frameworks;
			sourceTree = "<group>";
		};
		8CE3426B1FA31FAE00AB12B8 = {
			isa = PBXGroup;
			children = (
				8CE342761FA31FAE00AB12B8 /* realmTest */,
				8CE342751FA31FAE00AB12B8 /* Products */,
				8CCA9D0B1FA3254B006A840A /* Frameworks */,
			);
			sourceTree = "<group>";
		};
		8CE342751FA31FAE00AB12B8 /* Products */ = {
			isa = PBXGroup;
			children = (
				8CE342741FA31FAE00AB12B8 /* realmTest.app */,
			);
			name = Products;
			sourceTree = "<group>";
		};
		8CE342761FA31FAE00AB12B8 /* realmTest */ = {
			isa = PBXGroup;
			children = (
				8CE342771FA31FAE00AB12B8 /* AppDelegate.swift */,
				8CE342791FA31FAE00AB12B8 /* ViewController.swift */,
				8C5D56E91FA34A620030B285 /* List.swift */,
				8CE3427B1FA31FAE00AB12B8 /* Main.storyboard */,
				8CE3427E1FA31FAE00AB12B8 /* Assets.xcassets */,
				8CE342801FA31FAE00AB12B8 /* LaunchScreen.storyboard */,
				8CE342831FA31FAE00AB12B8 /* Info.plist */,
			);
			path = realmTest;
			sourceTree = "<group>";
		};
/* End PBXGroup section */

/* Begin PBXNativeTarget section */
		8CE342731FA31FAE00AB12B8 /* realmTest */ = {
			isa = PBXNativeTarget;
			buildConfigurationList = 8CE342861FA31FAE00AB12B8 /* Build configuration list for PBXNativeTarget "realmTest" */;
			buildPhases = (
				8CE342701FA31FAE00AB12B8 /* Sources */,
				8CE342711FA31FAE00AB12B8 /* Frameworks */,
				8CE342721FA31FAE00AB12B8 /* Resources */,
				8CCA9D101FA3257D006A840A /* ShellScript */,
			);
			buildRules = (
			);
			dependencies = (
			);
			name = realmTest;
			productName = realmTest;
			productReference = 8CE342741FA31FAE00AB12B8 /* realmTest.app */;
			productType = "com.apple.product-type.application";
		};
/* End PBXNativeTarget section */

/* Begin PBXProject section */
		8CE3426C1FA31FAE00AB12B8 /* Project object */ = {
			isa = PBXProject;
			attributes = {
				LastSwiftUpdateCheck = 0900;
				LastUpgradeCheck = 0900;
				ORGANIZATIONNAME = Goto;
				TargetAttributes = {
					8CE342731FA31FAE00AB12B8 = {
						CreatedOnToolsVersion = 9.0.1;
						ProvisioningStyle = Automatic;
					};
				};
			};
			buildConfigurationList = 8CE3426F1FA31FAE00AB12B8 /* Build configuration list for PBXProject "realmTest" */;
			compatibilityVersion = "Xcode 8.0";
			developmentRegion = en;
			hasScannedForEncodings = 0;
			knownRegions = (
				en,
				Base,
			);
			mainGroup = 8CE3426B1FA31FAE00AB12B8;
			productRefGroup = 8CE342751FA31FAE00AB12B8 /* Products */;
			projectDirPath = "";
			projectRoot = "";
			targets = (
				8CE342731FA31FAE00AB12B8 /* realmTest */,
			);
		};
/* End PBXProject section */

/* Begin PBXResourcesBuildPhase section */
		8CE342721FA31FAE00AB12B8 /* Resources */ = {
			isa = PBXResourcesBuildPhase;
			buildActionMask = 2147483647;
			files = (
				8CE342821FA31FAE00AB12B8 /* LaunchScreen.storyboard in Resources */,
				8CE3427F1FA31FAE00AB12B8 /* Assets.xcassets in Resources */,
				8CE3427D1FA31FAE00AB12B8 /* Main.storyboard in Resources */,
			);
			runOnlyForDeploymentPostprocessing = 0;
		};
/* End PBXResourcesBuildPhase section */

/* Begin PBXShellScriptBuildPhase section */
		8CCA9D101FA3257D006A840A /* ShellScript */ = {
			isa = PBXShellScriptBuildPhase;
			buildActionMask = 2147483647;
			files = (
			);
			inputPaths = (
				"$(SRCROOT)/Carthage/Build/iOS/Realm.framework",
				"$(SRCROOT)/Carthage/Build/iOS/RealmSwift.framework",
			);
			outputPaths = (
			);
			runOnlyForDeploymentPostprocessing = 0;
			shellPath = /bin/sh;
			shellScript = "/usr/local/bin/carthage copy-frameworks";
		};
/* End PBXShellScriptBuildPhase section */

/* Begin PBXSourcesBuildPhase section */
		8CE342701FA31FAE00AB12B8 /* Sources */ = {
			isa = PBXSourcesBuildPhase;
			buildActionMask = 2147483647;
			files = (
				8CE3427A1FA31FAE00AB12B8 /* ViewController.swift in Sources */,
				8CE342781FA31FAE00AB12B8 /* AppDelegate.swift in Sources */,
				8C5D56EA1FA34A620030B285 /* List.swift in Sources */,
			);
			runOnlyForDeploymentPostprocessing = 0;
		};
/* End PBXSourcesBuildPhase section */

/* Begin PBXVariantGroup section */
		8CE3427B1FA31FAE00AB12B8 /* Main.storyboard */ = {
			isa = PBXVariantGroup;
			children = (
				8CE3427C1FA31FAE00AB12B8 /* Base */,
			);
			name = Main.storyboard;
			sourceTree = "<group>";
		};
		8CE342801FA31FAE00AB12B8 /* LaunchScreen.storyboard */ = {
			isa = PBXVariantGroup;
			children = (
				8CE342811FA31FAE00AB12B8 /* Base */,
			);
			name = LaunchScreen.storyboard;
			sourceTree = "<group>";
		};
/* End PBXVariantGroup section */

/* Begin XCBuildConfiguration section */
		8CE342841FA31FAE00AB12B8 /* Debug */ = {
			isa = XCBuildConfiguration;
			buildSettings = {
				ALWAYS_SEARCH_USER_PATHS = NO;
				CLANG_ANALYZER_NONNULL = YES;
				CLANG_ANALYZER_NUMBER_OBJECT_CONVERSION = YES_AGGRESSIVE;
				CLANG_CXX_LANGUAGE_STANDARD = "gnu++14";
				CLANG_CXX_LIBRARY = "libc++";
				CLANG_ENABLE_MODULES = YES;
				CLANG_ENABLE_OBJC_ARC = YES;
				CLANG_WARN_BLOCK_CAPTURE_AUTORELEASING = YES;
				CLANG_WARN_BOOL_CONVERSION = YES;
				CLANG_WARN_COMMA = YES;
				CLANG_WARN_CONSTANT_CONVERSION = YES;
				CLANG_WARN_DIRECT_OBJC_ISA_USAGE = YES_ERROR;
				CLANG_WARN_DOCUMENTATION_COMMENTS = YES;
				CLANG_WARN_EMPTY_BODY = YES;
				CLANG_WARN_ENUM_CONVERSION = YES;
				CLANG_WARN_INFINITE_RECURSION = YES;
				CLANG_WARN_INT_CONVERSION = YES;
				CLANG_WARN_NON_LITERAL_NULL_CONVERSION = YES;
				CLANG_WARN_OBJC_LITERAL_CONVERSION = YES;
				CLANG_WARN_OBJC_ROOT_CLASS = YES_ERROR;
				CLANG_WARN_RANGE_LOOP_ANALYSIS = YES;
				CLANG_WARN_STRICT_PROTOTYPES = YES;
				CLANG_WARN_SUSPICIOUS_MOVE = YES;
				CLANG_WARN_UNGUARDED_AVAILABILITY = YES_AGGRESSIVE;
				CLANG_WARN_UNREACHABLE_CODE = YES;
				CLANG_WARN__DUPLICATE_METHOD_MATCH = YES;
				CODE_SIGN_IDENTITY = "iPhone Developer";
				COPY_PHASE_STRIP = NO;
				DEBUG_INFORMATION_FORMAT = dwarf;
				ENABLE_STRICT_OBJC_MSGSEND = YES;
				ENABLE_TESTABILITY = YES;
				GCC_C_LANGUAGE_STANDARD = gnu11;
				GCC_DYNAMIC_NO_PIC = NO;
				GCC_NO_COMMON_BLOCKS = YES;
				GCC_OPTIMIZATION_LEVEL = 0;
				GCC_PREPROCESSOR_DEFINITIONS = (
					"DEBUG=1",
					"$(inherited)",
				);
				GCC_WARN_64_TO_32_BIT_CONVERSION = YES;
				GCC_WARN_ABOUT_RETURN_TYPE = YES_ERROR;
				GCC_WARN_UNDECLARED_SELECTOR = YES;
				GCC_WARN_UNINITIALIZED_AUTOS = YES_AGGRESSIVE;
				GCC_WARN_UNUSED_FUNCTION = YES;
				GCC_WARN_UNUSED_VARIABLE = YES;
				IPHONEOS_DEPLOYMENT_TARGET = 11.0;
				MTL_ENABLE_DEBUG_INFO = YES;
				ONLY_ACTIVE_ARCH = YES;
				SDKROOT = iphoneos;
				SWIFT_ACTIVE_COMPILATION_CONDITIONS = DEBUG;
				SWIFT_OPTIMIZATION_LEVEL = "-Onone";
			};
			name = Debug;
		};
		8CE342851FA31FAE00AB12B8 /* Release */ = {
			isa = XCBuildConfiguration;
			buildSettings = {
				ALWAYS_SEARCH_USER_PATHS = NO;
				CLANG_ANALYZER_NONNULL = YES;
				CLANG_ANALYZER_NUMBER_OBJECT_CONVERSION = YES_AGGRESSIVE;
				CLANG_CXX_LANGUAGE_STANDARD = "gnu++14";
				CLANG_CXX_LIBRARY = "libc++";
				CLANG_ENABLE_MODULES = YES;
				CLANG_ENABLE_OBJC_ARC = YES;
				CLANG_WARN_BLOCK_CAPTURE_AUTORELEASING = YES;
				CLANG_WARN_BOOL_CONVERSION = YES;
				CLANG_WARN_COMMA = YES;
				CLANG_WARN_CONSTANT_CONVERSION = YES;
				CLANG_WARN_DIRECT_OBJC_ISA_USAGE = YES_ERROR;
				CLANG_WARN_DOCUMENTATION_COMMENTS = YES;
				CLANG_WARN_EMPTY_BODY = YES;
				CLANG_WARN_ENUM_CONVERSION = YES;
				CLANG_WARN_INFINITE_RECURSION = YES;
				CLANG_WARN_INT_CONVERSION = YES;
				CLANG_WARN_NON_LITERAL_NULL_CONVERSION = YES;
				CLANG_WARN_OBJC_LITERAL_CONVERSION = YES;
				CLANG_WARN_OBJC_ROOT_CLASS = YES_ERROR;
				CLANG_WARN_RANGE_LOOP_ANALYSIS = YES;
				CLANG_WARN_STRICT_PROTOTYPES = YES;
				CLANG_WARN_SUSPICIOUS_MOVE = YES;
				CLANG_WARN_UNGUARDED_AVAILABILITY = YES_AGGRESSIVE;
				CLANG_WARN_UNREACHABLE_CODE = YES;
				CLANG_WARN__DUPLICATE_METHOD_MATCH = YES;
				CODE_SIGN_IDENTITY = "iPhone Developer";
				COPY_PHASE_STRIP = NO;
				DEBUG_INFORMATION_FORMAT = "dwarf-with-dsym";
				ENABLE_NS_ASSERTIONS = NO;
				ENABLE_STRICT_OBJC_MSGSEND = YES;
				GCC_C_LANGUAGE_STANDARD = gnu11;
				GCC_NO_COMMON_BLOCKS = YES;
				GCC_WARN_64_TO_32_BIT_CONVERSION = YES;
				GCC_WARN_ABOUT_RETURN_TYPE = YES_ERROR;
				GCC_WARN_UNDECLARED_SELECTOR = YES;
				GCC_WARN_UNINITIALIZED_AUTOS = YES_AGGRESSIVE;
				GCC_WARN_UNUSED_FUNCTION = YES;
				GCC_WARN_UNUSED_VARIABLE = YES;
				IPHONEOS_DEPLOYMENT_TARGET = 11.0;
				MTL_ENABLE_DEBUG_INFO = NO;
				SDKROOT = iphoneos;
				SWIFT_OPTIMIZATION_LEVEL = "-Owholemodule";
				VALIDATE_PRODUCT = YES;
			};
			name = Release;
		};
		8CE342871FA31FAE00AB12B8 /* Debug */ = {
			isa = XCBuildConfiguration;
			buildSettings = {
				ASSETCATALOG_COMPILER_APPICON_NAME = AppIcon;
				CODE_SIGN_STYLE = Automatic;
				FRAMEWORK_SEARCH_PATHS = (
					"$(inherited)",
					"$(PROJECT_DIR)/Carthage/Build/iOS",
				);
				INFOPLIST_FILE = realmTest/Info.plist;
				LD_RUNPATH_SEARCH_PATHS = "$(inherited) @executable_path/Frameworks";
				PRODUCT_BUNDLE_IDENTIFIER = jp.abc.canada.goto.realmTest;
				PRODUCT_NAME = "$(TARGET_NAME)";
				SWIFT_VERSION = 4.0;
				TARGETED_DEVICE_FAMILY = "1,2";
			};
			name = Debug;
		};
		8CE342881FA31FAE00AB12B8 /* Release */ = {
			isa = XCBuildConfiguration;
			buildSettings = {
				ASSETCATALOG_COMPILER_APPICON_NAME = AppIcon;
				CODE_SIGN_STYLE = Automatic;
				FRAMEWORK_SEARCH_PATHS = (
					"$(inherited)",
					"$(PROJECT_DIR)/Carthage/Build/iOS",
				);
				INFOPLIST_FILE = realmTest/Info.plist;
				LD_RUNPATH_SEARCH_PATHS = "$(inherited) @executable_path/Frameworks";
				PRODUCT_BUNDLE_IDENTIFIER = jp.abc.canada.goto.realmTest;
				PRODUCT_NAME = "$(TARGET_NAME)";
				SWIFT_VERSION = 4.0;
				TARGETED_DEVICE_FAMILY = "1,2";
			};
			name = Release;
		};
/* End XCBuildConfiguration section */

/* Begin XCConfigurationList section */
		8CE3426F1FA31FAE00AB12B8 /* Build configuration list for PBXProject "realmTest" */ = {
			isa = XCConfigurationList;
			buildConfigurations = (
				8CE342841FA31FAE00AB12B8 /* Debug */,
				8CE342851FA31FAE00AB12B8 /* Release */,
			);
			defaultConfigurationIsVisible = 0;
			defaultConfigurationName = Release;
		};
		8CE342861FA31FAE00AB12B8 /* Build configuration list for PBXNativeTarget "realmTest" */ = {
			isa = XCConfigurationList;
			buildConfigurations = (
				8CE342871FA31FAE00AB12B8 /* Debug */,
				8CE342881FA31FAE00AB12B8 /* Release */,
			);
			defaultConfigurationIsVisible = 0;
			defaultConfigurationName = Release;
		};
/* End XCConfigurationList section */
	};
	rootObject = 8CE3426C1FA31FAE00AB12B8 /* Project object */;
}
